
Microsoft Visual Studio Solution File, Format Version 12.00
# Visual Studio Version 17
VisualStudioVersion = 17.4.33205.214
MinimumVisualStudioVersion = 10.0.40219.1
Project("{8BC9CEB8-8B4A-11D0-8D11-00A0C91BC942}") = "CatchKun", "CatchKun\CatchKun.vcxproj", "{C3004A6B-0E1A-48A2-9CE3-CE8C9AF6D88C}"
EndProject
Global
	GlobalSection(SolutionConfigurationPlatforms) = preSolution
		Debug|x64 = Debug|x64
		Debug|x86 = Debug|x86
		Release|x64 = Release|x64
		Release|x86 = Release|x86
	EndGlobalSection
	GlobalSection(ProjectConfigurationPlatforms) = postSolution
		{C3004A6B-0E1A-48A2-9CE3-CE8C9AF6D88C}.Debug|x64.ActiveCfg = Debug|x64
		{C3004A6B-0E1A-48A2-9CE3-CE8C9AF6D88C}.Debug|x64.Build.0 = Debug|x64
		{C3004A6B-0E1A-48A2-9CE3-CE8C9AF6D88C}.Debug|x86.ActiveCfg = Debug|Win32
		{C3004A6B-0E1A-48A2-9CE3-CE8C9AF6D88C}.Debug|x86.Build.0 = Debug|Win32
		{C3004A6B-0E1A-48A2-9CE3-CE8C9AF6D88C}.Release|x64.ActiveCfg = Release|x64
		{C3004A6B-0E1A-48A2-9CE3-CE8C9AF6D88C}.Release|x64.Build.0 = Release|x64
		{C3004A6B-0E1A-48A2-9CE3-CE8C9AF6D88C}.Release|x86.ActiveCfg = Release|Win32
		{C3004A6B-0E1A-48A2-9CE3-CE8C9AF6D88C}.Release|x86.Build.0 = Release|Win32
	EndGlobalSection
	GlobalSection(SolutionProperties) = preSolution
		HideSolutionNode = FALSE
	EndGlobalSection
	GlobalSection(ExtensibilityGlobals) = postSolution
		SolutionGuid = {844D6556-025F-46A3-BCF9-5FCE5E3F7EEE}
	EndGlobalSection
EndGlobal
